{
  "name": "angularfilemanager",
  "version": "1.0.0",
  "lockfileVersion": 3,
  "requires": true,
  "packages": {
    "": {
      "name": "angularfilemanager",
      "version": "1.0.0",
      "license": "ISC",
      "dependencies": {
        "@syncfusion/ej2-angular-pdfviewer": "^25.1.39"
      }
    },
    "node_modules/@syncfusion/ej2-angular-base": {
      "version": "25.1.37",
      "resolved": "https://registry.npmjs.org/@syncfusion/ej2-angular-base/-/ej2-angular-base-25.1.37.tgz",
      "integrity": "sha512-R90bSxbdLheCzrlGLjfsrCg/0WXJD3F3jPmZQCdHjrdmwmTsrEkTXwDYURd2wQsF4fsAI/qxdzehhbA29TL1XA==",
      "hasInstallScript": true,
      "dependencies": {
        "@syncfusion/ej2-base": "~25.1.35",
        "@syncfusion/ej2-icons": "~25.1.35"
      }
    },
    "node_modules/@syncfusion/ej2-angular-pdfviewer": {
      "version": "25.1.39",
      "resolved": "https://registry.npmjs.org/@syncfusion/ej2-angular-pdfviewer/-/ej2-angular-pdfviewer-25.1.39.tgz",
      "integrity": "sha512-04FJPGxzvhKtTy6NB25hwdWwab3HfjPBtBHH+z4OINFbArp1lkHmy9K/OrZEM0kJFxOFfchM30iDnKL3UHdi3Q==",
      "dependencies": {
        "@syncfusion/ej2-angular-base": "~25.1.37",
        "@syncfusion/ej2-base": "~25.1.35",
        "@syncfusion/ej2-pdfviewer": "25.1.39",
        "tslib": "^2.3.0"
      }
    },
    "node_modules/@syncfusion/ej2-base": {
      "version": "25.1.35",
      "resolved": "https://registry.npmjs.org/@syncfusion/ej2-base/-/ej2-base-25.1.35.tgz",
      "integrity": "sha512-eH/zLft7j5jhbNquVNcKoDmlx+ZU/77mHAJwpG9Ad4+C/+7UcWlIi/RDORJ0QreosZM4gMyCYzxDAZ5QOI3txw==",
      "dependencies": {
        "@syncfusion/ej2-icons": "~25.1.35"
      },
      "bin": {
        "syncfusion-license": "bin/syncfusion-license.js"
      }
    },
    "node_modules/@syncfusion/ej2-buttons": {
      "version": "25.1.39",
      "resolved": "https://registry.npmjs.org/@syncfusion/ej2-buttons/-/ej2-buttons-25.1.39.tgz",
      "integrity": "sha512-QUAiHhswM3hP0pGjantmc785yntT3JBx0UEZtL3cG9bZLjRQLi2cAGmWDdA1U6cBmsEvf0vzvRS7uhAnfRN0JQ==",
      "dependencies": {
        "@syncfusion/ej2-base": "~25.1.35"
      }
    },
    "node_modules/@syncfusion/ej2-calendars": {
      "version": "25.1.39",
      "resolved": "https://registry.npmjs.org/@syncfusion/ej2-calendars/-/ej2-calendars-25.1.39.tgz",
      "integrity": "sha512-YB3eHc8HdPRL6nAN5tKTvFZaoNuyHrgv5+4RXZiEDwBjOrzgr4opOS4EShW8HoK7V8pHoQIsq+GX6N8j0+Ogpw==",
      "dependencies": {
        "@syncfusion/ej2-base": "~25.1.35",
        "@syncfusion/ej2-buttons": "~25.1.39",
        "@syncfusion/ej2-inputs": "~25.1.38",
        "@syncfusion/ej2-lists": "~25.1.39",
        "@syncfusion/ej2-popups": "~25.1.39"
      }
    },
    "node_modules/@syncfusion/ej2-compression": {
      "version": "25.1.35",
      "resolved": "https://registry.npmjs.org/@syncfusion/ej2-compression/-/ej2-compression-25.1.35.tgz",
      "integrity": "sha512-x9q6l9BOkM1fowejGUuKWK2sYFgZH5HPoVUwPpFXKXFvbJgzzVCAng+7Yojz5DIK7dfrR4KCLvp9jjqCVqZ5/Q==",
      "dependencies": {
        "@syncfusion/ej2-file-utils": "~25.1.35"
      }
    },
    "node_modules/@syncfusion/ej2-data": {
      "version": "25.1.35",
      "resolved": "https://registry.npmjs.org/@syncfusion/ej2-data/-/ej2-data-25.1.35.tgz",
      "integrity": "sha512-eHWkoQcokKFiLUMpcw2IM1ul9v8HeRgIrUzowyWPpamuZASX8luczDy3VLR5AX0YeiE9aNv3QKsr04t4F1GRcQ==",
      "dependencies": {
        "@syncfusion/ej2-base": "~25.1.35"
      }
    },
    "node_modules/@syncfusion/ej2-drawings": {
      "version": "25.1.39",
      "resolved": "https://registry.npmjs.org/@syncfusion/ej2-drawings/-/ej2-drawings-25.1.39.tgz",
      "integrity": "sha512-9QXKtPW7gQK1g6TSlo6mid7/WoeC88tnNSToQuGdV/1hMUhKgZTY1D+AFjx2LMblbGUgMi+usr02js6fReOerA==",
      "dependencies": {
        "@syncfusion/ej2-base": "~25.1.35",
        "@syncfusion/ej2-data": "~25.1.35"
      }
    },
    "node_modules/@syncfusion/ej2-dropdowns": {
      "version": "25.1.39",
      "resolved": "https://registry.npmjs.org/@syncfusion/ej2-dropdowns/-/ej2-dropdowns-25.1.39.tgz",
      "integrity": "sha512-tV6yseJ+Ew2MGhz6Eutq6ZAbJ4MWuVGWUy8xgFsTrL3IBFFYZnF+jkd95s5FpvF1amKz0fuzKohtpfS5177Btg==",
      "dependencies": {
        "@syncfusion/ej2-base": "~25.1.35",
        "@syncfusion/ej2-data": "~25.1.35",
        "@syncfusion/ej2-inputs": "~25.1.38",
        "@syncfusion/ej2-lists": "~25.1.39",
        "@syncfusion/ej2-navigations": "~25.1.39",
        "@syncfusion/ej2-notifications": "~25.1.35",
        "@syncfusion/ej2-popups": "~25.1.39"
      }
    },
    "node_modules/@syncfusion/ej2-excel-export": {
      "version": "25.1.35",
      "resolved": "https://registry.npmjs.org/@syncfusion/ej2-excel-export/-/ej2-excel-export-25.1.35.tgz",
      "integrity": "sha512-zqJ6e1iKY+ByUToROaTdjommnBjhW2FqycBONeDe0GzCT3lhPzT0LORLJHslYfC5kQopXzd8pwYVT85xHotF1w==",
      "dependencies": {
        "@syncfusion/ej2-base": "~25.1.35",
        "@syncfusion/ej2-compression": "~25.1.35"
      }
    },
    "node_modules/@syncfusion/ej2-file-utils": {
      "version": "25.1.35",
      "resolved": "https://registry.npmjs.org/@syncfusion/ej2-file-utils/-/ej2-file-utils-25.1.35.tgz",
      "integrity": "sha512-nBkZXnGtBt5MFpTkJdvvEKS65HGLa5UM1pQq34K/Cdx4YPlxzStQkVo4RyamXqwtadhLqmpKc9zGolHvUw7KvA=="
    },
    "node_modules/@syncfusion/ej2-filemanager": {
      "version": "25.1.39",
      "resolved": "https://registry.npmjs.org/@syncfusion/ej2-filemanager/-/ej2-filemanager-25.1.39.tgz",
      "integrity": "sha512-NlxODFyymowNuz4av+WtGN/Ynaei9EFK4//OMHGhNEcrVLghlTn4+L0QqNWvmy+zaNoECOlj0C1pkTB2lvajww==",
      "dependencies": {
        "@syncfusion/ej2-base": "~25.1.35",
        "@syncfusion/ej2-buttons": "~25.1.39",
        "@syncfusion/ej2-data": "~25.1.35",
        "@syncfusion/ej2-grids": "~25.1.39",
        "@syncfusion/ej2-inputs": "~25.1.38",
        "@syncfusion/ej2-layouts": "~25.1.37",
        "@syncfusion/ej2-lists": "~25.1.39",
        "@syncfusion/ej2-navigations": "~25.1.39",
        "@syncfusion/ej2-popups": "~25.1.39",
        "@syncfusion/ej2-splitbuttons": "~25.1.38"
      }
    },
    "node_modules/@syncfusion/ej2-grids": {
      "version": "25.1.39",
      "resolved": "https://registry.npmjs.org/@syncfusion/ej2-grids/-/ej2-grids-25.1.39.tgz",
      "integrity": "sha512-4TxW0iO90/XI2mGJSCbGhHKAJx4TqckKHWGxnVt0rK2T6oqjkplJDZ0jYIKC2CuspCxuYrSmir4TtVCcpLxSZA==",
      "dependencies": {
        "@syncfusion/ej2-base": "~25.1.35",
        "@syncfusion/ej2-buttons": "~25.1.39",
        "@syncfusion/ej2-calendars": "~25.1.39",
        "@syncfusion/ej2-compression": "~25.1.35",
        "@syncfusion/ej2-data": "~25.1.35",
        "@syncfusion/ej2-dropdowns": "~25.1.39",
        "@syncfusion/ej2-excel-export": "~25.1.35",
        "@syncfusion/ej2-file-utils": "~25.1.35",
        "@syncfusion/ej2-inputs": "~25.1.38",
        "@syncfusion/ej2-lists": "~25.1.39",
        "@syncfusion/ej2-navigations": "~25.1.39",
        "@syncfusion/ej2-notifications": "~25.1.35",
        "@syncfusion/ej2-pdf-export": "~25.1.38",
        "@syncfusion/ej2-popups": "~25.1.39",
        "@syncfusion/ej2-splitbuttons": "~25.1.38"
      }
    },
    "node_modules/@syncfusion/ej2-icons": {
      "version": "25.1.35",
      "resolved": "https://registry.npmjs.org/@syncfusion/ej2-icons/-/ej2-icons-25.1.35.tgz",
      "integrity": "sha512-E8ypbeB9ISTsaj8Q29w3Ysh6HG35GOdTjfaU6JTCaZ9wP30q04B4WfN9lqcd42Q198qhynFAXd3lJyYev68aGw=="
    },
    "node_modules/@syncfusion/ej2-inplace-editor": {
      "version": "25.1.35",
      "resolved": "https://registry.npmjs.org/@syncfusion/ej2-inplace-editor/-/ej2-inplace-editor-25.1.35.tgz",
      "integrity": "sha512-2x+uJXYf95tzJqPUZdKpygdI2gYK1dEft1zrLUWBayVaY8jS1v+6JuirAz0IOZBzZNl9B+vCFfknZurLi3KatA==",
      "dependencies": {
        "@syncfusion/ej2-base": "~25.1.35",
        "@syncfusion/ej2-buttons": "~25.1.35",
        "@syncfusion/ej2-calendars": "~25.1.35",
        "@syncfusion/ej2-data": "~25.1.35",
        "@syncfusion/ej2-dropdowns": "~25.1.35",
        "@syncfusion/ej2-inputs": "~25.1.35",
        "@syncfusion/ej2-lists": "~25.1.35",
        "@syncfusion/ej2-navigations": "~25.1.35",
        "@syncfusion/ej2-notifications": "~25.1.35",
        "@syncfusion/ej2-popups": "~25.1.35",
        "@syncfusion/ej2-richtexteditor": "~25.1.35",
        "@syncfusion/ej2-splitbuttons": "~25.1.35"
      }
    },
    "node_modules/@syncfusion/ej2-inputs": {
      "version": "25.1.38",
      "resolved": "https://registry.npmjs.org/@syncfusion/ej2-inputs/-/ej2-inputs-25.1.38.tgz",
      "integrity": "sha512-WspFi4Lv9CpfmWTZpKnWLQL1fbEDIocZhm2tlkg2BEQGOjscg80HJjbMIEea/p/We8jYt2BqRWXVdI6gI35kvQ==",
      "dependencies": {
        "@syncfusion/ej2-base": "~25.1.35",
        "@syncfusion/ej2-buttons": "~25.1.35",
        "@syncfusion/ej2-popups": "~25.1.38",
        "@syncfusion/ej2-splitbuttons": "~25.1.38"
      }
    },
    "node_modules/@syncfusion/ej2-layouts": {
      "version": "25.1.37",
      "resolved": "https://registry.npmjs.org/@syncfusion/ej2-layouts/-/ej2-layouts-25.1.37.tgz",
      "integrity": "sha512-yk9+BHIjloV1IevgKsac+F2cK7DW7Ay32b+ErqZIkSvYUygNOGyQ36cw0qxEnvnRnJGpDmfwVxfsGC8e5XUcxA==",
      "dependencies": {
        "@syncfusion/ej2-base": "~25.1.35"
      }
    },
    "node_modules/@syncfusion/ej2-lists": {
      "version": "25.1.39",
      "resolved": "https://registry.npmjs.org/@syncfusion/ej2-lists/-/ej2-lists-25.1.39.tgz",
      "integrity": "sha512-bWWsr1pYQDxiupF80yvBPKCtYw1V92DuMpqgtfj90vl5xInpRCHl1mSNDETbNgl//BthRkUo5yQtI2deX9X0Hw==",
      "dependencies": {
        "@syncfusion/ej2-base": "~25.1.35",
        "@syncfusion/ej2-buttons": "~25.1.39",
        "@syncfusion/ej2-data": "~25.1.35",
        "@syncfusion/ej2-popups": "~25.1.39"
      }
    },
    "node_modules/@syncfusion/ej2-navigations": {
      "version": "25.1.39",
      "resolved": "https://registry.npmjs.org/@syncfusion/ej2-navigations/-/ej2-navigations-25.1.39.tgz",
      "integrity": "sha512-DFMKcO15eb+tzCzS27B92OqEin9mpGJknrl+SWMIolHHyHxyxPpwX5yNLMkE8sqswOSWlFlWzyaQ04vZuIN9Cw==",
      "dependencies": {
        "@syncfusion/ej2-base": "~25.1.35",
        "@syncfusion/ej2-buttons": "~25.1.39",
        "@syncfusion/ej2-data": "~25.1.35",
        "@syncfusion/ej2-inputs": "~25.1.38",
        "@syncfusion/ej2-lists": "~25.1.39",
        "@syncfusion/ej2-popups": "~25.1.39"
      }
    },
    "node_modules/@syncfusion/ej2-notifications": {
      "version": "25.1.35",
      "resolved": "https://registry.npmjs.org/@syncfusion/ej2-notifications/-/ej2-notifications-25.1.35.tgz",
      "integrity": "sha512-ioSI36uCSA9hxB8fiUAvI0u7c2eIs1sw3kC0cfL2HbGHHOmhWjm4yoTIl13sKoXU6Sv2A2V3xsFAf97cBTjFvA==",
      "dependencies": {
        "@syncfusion/ej2-base": "~25.1.35",
        "@syncfusion/ej2-buttons": "~25.1.35",
        "@syncfusion/ej2-popups": "~25.1.35"
      }
    },
    "node_modules/@syncfusion/ej2-pdf": {
      "version": "25.1.39",
      "resolved": "https://registry.npmjs.org/@syncfusion/ej2-pdf/-/ej2-pdf-25.1.39.tgz",
      "integrity": "sha512-dWnAmrMAjjh9BjOXFWAEfYOIdB74/USSQpdcTV+Xo6UjfANP/NCS/B23xzHnZV+jT8OO+sX9m0IO9paEf+8Ciw==",
      "dependencies": {
        "@syncfusion/ej2-base": "~25.1.35",
        "@syncfusion/ej2-compression": "~25.1.35"
      }
    },
    "node_modules/@syncfusion/ej2-pdf-export": {
      "version": "25.1.38",
      "resolved": "https://registry.npmjs.org/@syncfusion/ej2-pdf-export/-/ej2-pdf-export-25.1.38.tgz",
      "integrity": "sha512-j+vdveDoV8DB2kOrwFLUGmL3qE2EnO/8XzGvfDE+DI3QpThjxJTNYPGBuhsTcVPAVYJv7Ysi3I5lpk4tZQQCBg==",
      "dependencies": {
        "@syncfusion/ej2-compression": "~25.1.35"
      }
    },
    "node_modules/@syncfusion/ej2-pdfviewer": {
      "version": "25.1.39",
      "resolved": "https://registry.npmjs.org/@syncfusion/ej2-pdfviewer/-/ej2-pdfviewer-25.1.39.tgz",
      "integrity": "sha512-1dVqjvsyHigRgySuPacsD0dHnSeqsoIltvNKnpxcZoWK3UW6U9BFiXNqzQhrWn3cJBUYVF5/FHEenJEgMdwcpw==",
      "dependencies": {
        "@syncfusion/ej2-base": "~25.1.35",
        "@syncfusion/ej2-buttons": "~25.1.39",
        "@syncfusion/ej2-data": "~25.1.35",
        "@syncfusion/ej2-drawings": "~25.1.39",
        "@syncfusion/ej2-dropdowns": "~25.1.39",
        "@syncfusion/ej2-inplace-editor": "~25.1.35",
        "@syncfusion/ej2-inputs": "~25.1.38",
        "@syncfusion/ej2-lists": "~25.1.39",
        "@syncfusion/ej2-navigations": "~25.1.39",
        "@syncfusion/ej2-notifications": "~25.1.35",
        "@syncfusion/ej2-pdf": "~25.1.39",
        "@syncfusion/ej2-popups": "~25.1.39"
      }
    },
    "node_modules/@syncfusion/ej2-popups": {
      "version": "25.1.39",
      "resolved": "https://registry.npmjs.org/@syncfusion/ej2-popups/-/ej2-popups-25.1.39.tgz",
      "integrity": "sha512-4BN3w9E/5uO27En/tXl5MYywTKNlAKYSwCIbQip+pH2rstcF6bZ1Qu01alGqN9KA4aMUEMOlN4fQcZ0EpQFLWQ==",
      "dependencies": {
        "@syncfusion/ej2-base": "~25.1.35",
        "@syncfusion/ej2-buttons": "~25.1.39"
      }
    },
    "node_modules/@syncfusion/ej2-richtexteditor": {
      "version": "25.1.39",
      "resolved": "https://registry.npmjs.org/@syncfusion/ej2-richtexteditor/-/ej2-richtexteditor-25.1.39.tgz",
      "integrity": "sha512-fUN3wddxm/4twdrCUKH+fyJxkbL/qNDuwaR3Vi/sAFL0OYXnEwyvPH6aE2eCPqXUor46KzOR9+ZxgYt33HvqNg==",
      "dependencies": {
        "@syncfusion/ej2-base": "~25.1.35",
        "@syncfusion/ej2-buttons": "~25.1.39",
        "@syncfusion/ej2-filemanager": "~25.1.39",
        "@syncfusion/ej2-inputs": "~25.1.38",
        "@syncfusion/ej2-navigations": "~25.1.39",
        "@syncfusion/ej2-popups": "~25.1.39",
        "@syncfusion/ej2-splitbuttons": "~25.1.38"
      }
    },
    "node_modules/@syncfusion/ej2-splitbuttons": {
      "version": "25.1.38",
      "resolved": "https://registry.npmjs.org/@syncfusion/ej2-splitbuttons/-/ej2-splitbuttons-25.1.38.tgz",
      "integrity": "sha512-D5RkU93v2UdbWeny6qkfwiBx38jDe0suHZv1CYES7dnFcQKkKOUjI2TBwIi5d7aFyf4W8reQt7YPmOyNt/8b/Q==",
      "dependencies": {
        "@syncfusion/ej2-base": "~25.1.35",
        "@syncfusion/ej2-popups": "~25.1.38"
      }
    },
    "node_modules/tslib": {
      "version": "2.6.2",
      "resolved": "https://registry.npmjs.org/tslib/-/tslib-2.6.2.tgz",
      "integrity": "sha512-AEYxH93jGFPn/a2iVAwW87VuUIkR1FVUKB77NwMF7nBTDkDrrT/Hpt/IrCJ0QXhW27jTBDcf5ZY7w6RiqTMw2Q=="
    }
  }
}
